// !$*UTF8*$!
{
	archiveVersion = 1;
	classes = {
	};
	objectVersion = 56;
	objects = {

/* Begin PBXBuildFile section */
		BA3355702C1DD1BA003C9499 /* City.swift in Sources */ = {isa = PBXBuildFile; fileRef = BA33556F2C1DD1BA003C9499 /* City.swift */; };
		BA3355722C1DD1D2003C9499 /* Street.swift in Sources */ = {isa = PBXBuildFile; fileRef = BA3355712C1DD1D2003C9499 /* Street.swift */; };
		BA3355742C1DD205003C9499 /* Building.swift in Sources */ = {isa = PBXBuildFile; fileRef = BA3355732C1DD205003C9499 /* Building.swift */; };
		BA3355772C1DE65B003C9499 /* Localizable.strings in Resources */ = {isa = PBXBuildFile; fileRef = BA3355752C1DE65B003C9499 /* Localizable.strings */; };
		BA403FC92C1E02FC003C23CE /* LightTime.swift in Sources */ = {isa = PBXBuildFile; fileRef = BA403FC82C1E02FC003C23CE /* LightTime.swift */; };
		BA403FCB2C1E0313003C23CE /* Schedule.swift in Sources */ = {isa = PBXBuildFile; fileRef = BA403FCA2C1E0313003C23CE /* Schedule.swift */; };
		BA403FD02C1E0810003C23CE /* ScheduleView.swift in Sources */ = {isa = PBXBuildFile; fileRef = BA403FCF2C1E0810003C23CE /* ScheduleView.swift */; };
		BA403FD22C1E17BB003C23CE /* AddressInfoView.swift in Sources */ = {isa = PBXBuildFile; fileRef = BA403FD12C1E17BB003C23CE /* AddressInfoView.swift */; };
		BA46CB282C1AE97E0062965B /* EDClientApp.swift in Sources */ = {isa = PBXBuildFile; fileRef = BA46CB272C1AE97E0062965B /* EDClientApp.swift */; };
		BA46CB2A2C1AE97E0062965B /* ContentView.swift in Sources */ = {isa = PBXBuildFile; fileRef = BA46CB292C1AE97E0062965B /* ContentView.swift */; };
		BA46CB2C2C1AE9800062965B /* Assets.xcassets in Resources */ = {isa = PBXBuildFile; fileRef = BA46CB2B2C1AE9800062965B /* Assets.xcassets */; };
		BA46CB302C1AE9800062965B /* Preview Assets.xcassets in Resources */ = {isa = PBXBuildFile; fileRef = BA46CB2F2C1AE9800062965B /* Preview Assets.xcassets */; };
		BA46CB392C1AEBF70062965B /* Client.swift in Sources */ = {isa = PBXBuildFile; fileRef = BA46CB382C1AEBF70062965B /* Client.swift */; };
		BA46CB3C2C1AEE3F0062965B /* Prompt.swift in Sources */ = {isa = PBXBuildFile; fileRef = BA46CB3B2C1AEE3F0062965B /* Prompt.swift */; };
		BA46CB412C1AFB3D0062965B /* PromptsShowView.swift in Sources */ = {isa = PBXBuildFile; fileRef = BA46CB402C1AFB3D0062965B /* PromptsShowView.swift */; };
		BA46CB432C1AFFD10062965B /* InformationType.swift in Sources */ = {isa = PBXBuildFile; fileRef = BA46CB422C1AFFD10062965B /* InformationType.swift */; };
		BA46CB472C1B11030062965B /* AddressChoosingView.swift in Sources */ = {isa = PBXBuildFile; fileRef = BA46CB462C1B11030062965B /* AddressChoosingView.swift */; };
		BA46CB492C1B11540062965B /* FormAddress.swift in Sources */ = {isa = PBXBuildFile; fileRef = BA46CB482C1B11540062965B /* FormAddress.swift */; };
		BA46CB4B2C1C382B0062965B /* Status.swift in Sources */ = {isa = PBXBuildFile; fileRef = BA46CB4A2C1C382B0062965B /* Status.swift */; };
		BA9EAE762C2337CD001227D2 /* HoursTableView.swift in Sources */ = {isa = PBXBuildFile; fileRef = BA9EAE752C2337CD001227D2 /* HoursTableView.swift */; };
		BAA3190D2C2200D9005469D9 /* Alamofire in Frameworks */ = {isa = PBXBuildFile; productRef = BAA3190C2C2200D9005469D9 /* Alamofire */; };
		BABE80082C1F3B9E001E4395 /* MainView.swift in Sources */ = {isa = PBXBuildFile; fileRef = BABE80072C1F3B9E001E4395 /* MainView.swift */; };
		BABE800A2C1F3FF0001E4395 /* PinnedAddress.swift in Sources */ = {isa = PBXBuildFile; fileRef = BABE80092C1F3FF0001E4395 /* PinnedAddress.swift */; };
		BABE800E2C1F5D56001E4395 /* Address.swift in Sources */ = {isa = PBXBuildFile; fileRef = BABE800D2C1F5D56001E4395 /* Address.swift */; };
		BABE80112C206188001E4395 /* PinnedAddressItemView.swift in Sources */ = {isa = PBXBuildFile; fileRef = BABE80102C206188001E4395 /* PinnedAddressItemView.swift */; };
		BAC20CAC2C1CB7CC00BE8AD5 /* InternetChecker.swift in Sources */ = {isa = PBXBuildFile; fileRef = BAC20CAB2C1CB7CC00BE8AD5 /* InternetChecker.swift */; };
/* End PBXBuildFile section */

/* Begin PBXFileReference section */
		BA33556F2C1DD1BA003C9499 /* City.swift */ = {isa = PBXFileReference; lastKnownFileType = sourcecode.swift; path = City.swift; sourceTree = "<group>"; };
		BA3355712C1DD1D2003C9499 /* Street.swift */ = {isa = PBXFileReference; lastKnownFileType = sourcecode.swift; path = Street.swift; sourceTree = "<group>"; };
		BA3355732C1DD205003C9499 /* Building.swift */ = {isa = PBXFileReference; lastKnownFileType = sourcecode.swift; path = Building.swift; sourceTree = "<group>"; };
		BA3355782C1DE669003C9499 /* uk */ = {isa = PBXFileReference; lastKnownFileType = text.plist.strings; name = uk; path = uk.lproj/Localizable.strings; sourceTree = "<group>"; };
		BA33557A2C1DE69E003C9499 /* en */ = {isa = PBXFileReference; lastKnownFileType = text.plist.strings; name = en; path = en.lproj/Localizable.strings; sourceTree = "<group>"; };
		BA403FC82C1E02FC003C23CE /* LightTime.swift */ = {isa = PBXFileReference; lastKnownFileType = sourcecode.swift; path = LightTime.swift; sourceTree = "<group>"; };
		BA403FCA2C1E0313003C23CE /* Schedule.swift */ = {isa = PBXFileReference; lastKnownFileType = sourcecode.swift; path = Schedule.swift; sourceTree = "<group>"; };
		BA403FCF2C1E0810003C23CE /* ScheduleView.swift */ = {isa = PBXFileReference; lastKnownFileType = sourcecode.swift; path = ScheduleView.swift; sourceTree = "<group>"; };
		BA403FD12C1E17BB003C23CE /* AddressInfoView.swift */ = {isa = PBXFileReference; lastKnownFileType = sourcecode.swift; path = AddressInfoView.swift; sourceTree = "<group>"; };
		BA46CB242C1AE97E0062965B /* EDClient.app */ = {isa = PBXFileReference; explicitFileType = wrapper.application; includeInIndex = 0; path = EDClient.app; sourceTree = BUILT_PRODUCTS_DIR; };
		BA46CB272C1AE97E0062965B /* EDClientApp.swift */ = {isa = PBXFileReference; lastKnownFileType = sourcecode.swift; path = EDClientApp.swift; sourceTree = "<group>"; };
		BA46CB292C1AE97E0062965B /* ContentView.swift */ = {isa = PBXFileReference; lastKnownFileType = sourcecode.swift; path = ContentView.swift; sourceTree = "<group>"; };
		BA46CB2B2C1AE9800062965B /* Assets.xcassets */ = {isa = PBXFileReference; lastKnownFileType = folder.assetcatalog; path = Assets.xcassets; sourceTree = "<group>"; };
		BA46CB2D2C1AE9800062965B /* EDClient.entitlements */ = {isa = PBXFileReference; lastKnownFileType = text.plist.entitlements; path = EDClient.entitlements; sourceTree = "<group>"; };
		BA46CB2F2C1AE9800062965B /* Preview Assets.xcassets */ = {isa = PBXFileReference; lastKnownFileType = folder.assetcatalog; path = "Preview Assets.xcassets"; sourceTree = "<group>"; };
		BA46CB382C1AEBF70062965B /* Client.swift */ = {isa = PBXFileReference; lastKnownFileType = sourcecode.swift; path = Client.swift; sourceTree = "<group>"; };
		BA46CB3B2C1AEE3F0062965B /* Prompt.swift */ = {isa = PBXFileReference; lastKnownFileType = sourcecode.swift; path = Prompt.swift; sourceTree = "<group>"; };
		BA46CB3F2C1AF6FE0062965B /* Info.plist */ = {isa = PBXFileReference; lastKnownFileType = text.plist; path = Info.plist; sourceTree = "<group>"; };
		BA46CB402C1AFB3D0062965B /* PromptsShowView.swift */ = {isa = PBXFileReference; lastKnownFileType = sourcecode.swift; path = PromptsShowView.swift; sourceTree = "<group>"; };
		BA46CB422C1AFFD10062965B /* InformationType.swift */ = {isa = PBXFileReference; lastKnownFileType = sourcecode.swift; path = InformationType.swift; sourceTree = "<group>"; };
		BA46CB462C1B11030062965B /* AddressChoosingView.swift */ = {isa = PBXFileReference; lastKnownFileType = sourcecode.swift; path = AddressChoosingView.swift; sourceTree = "<group>"; };
		BA46CB482C1B11540062965B /* FormAddress.swift */ = {isa = PBXFileReference; lastKnownFileType = sourcecode.swift; path = FormAddress.swift; sourceTree = "<group>"; };
		BA46CB4A2C1C382B0062965B /* Status.swift */ = {isa = PBXFileReference; lastKnownFileType = sourcecode.swift; path = Status.swift; sourceTree = "<group>"; };
		BA9EAE752C2337CD001227D2 /* HoursTableView.swift */ = {isa = PBXFileReference; lastKnownFileType = sourcecode.swift; path = HoursTableView.swift; sourceTree = "<group>"; };
		BABE80072C1F3B9E001E4395 /* MainView.swift */ = {isa = PBXFileReference; lastKnownFileType = sourcecode.swift; path = MainView.swift; sourceTree = "<group>"; };
		BABE80092C1F3FF0001E4395 /* PinnedAddress.swift */ = {isa = PBXFileReference; lastKnownFileType = sourcecode.swift; path = PinnedAddress.swift; sourceTree = "<group>"; };
		BABE800D2C1F5D56001E4395 /* Address.swift */ = {isa = PBXFileReference; lastKnownFileType = sourcecode.swift; path = Address.swift; sourceTree = "<group>"; };
		BABE80102C206188001E4395 /* PinnedAddressItemView.swift */ = {isa = PBXFileReference; lastKnownFileType = sourcecode.swift; path = PinnedAddressItemView.swift; sourceTree = "<group>"; };
		BAC20CAB2C1CB7CC00BE8AD5 /* InternetChecker.swift */ = {isa = PBXFileReference; lastKnownFileType = sourcecode.swift; path = InternetChecker.swift; sourceTree = "<group>"; };
/* End PBXFileReference section */

/* Begin PBXFrameworksBuildPhase section */
		BA46CB212C1AE97E0062965B /* Frameworks */ = {
			isa = PBXFrameworksBuildPhase;
			buildActionMask = 2147483647;
			files = (
				BAA3190D2C2200D9005469D9 /* Alamofire in Frameworks */,
			);
			runOnlyForDeploymentPostprocessing = 0;
		};
/* End PBXFrameworksBuildPhase section */

/* Begin PBXGroup section */
		BA403FCC2C1E0353003C23CE /* Structs */ = {
			isa = PBXGroup;
			children = (
				BA3355732C1DD205003C9499 /* Building.swift */,
				BA33556F2C1DD1BA003C9499 /* City.swift */,
				BA403FC82C1E02FC003C23CE /* LightTime.swift */,
				BA403FCA2C1E0313003C23CE /* Schedule.swift */,
				BA3355712C1DD1D2003C9499 /* Street.swift */,
				BABE80092C1F3FF0001E4395 /* PinnedAddress.swift */,
			);
			path = Structs;
			sourceTree = "<group>";
		};
		BA403FCD2C1E0370003C23CE /* Enums */ = {
			isa = PBXGroup;
			children = (
				BA46CB422C1AFFD10062965B /* InformationType.swift */,
				BA46CB4A2C1C382B0062965B /* Status.swift */,
			);
			path = Enums;
			sourceTree = "<group>";
		};
		BA403FCE2C1E0381003C23CE /* Classes */ = {
			isa = PBXGroup;
			children = (
				BA46CB482C1B11540062965B /* FormAddress.swift */,
			);
			path = Classes;
			sourceTree = "<group>";
		};
		BA46CB1B2C1AE97E0062965B = {
			isa = PBXGroup;
			children = (
				BA46CB262C1AE97E0062965B /* EDClient */,
				BA46CB252C1AE97E0062965B /* Products */,
			);
			sourceTree = "<group>";
		};
		BA46CB252C1AE97E0062965B /* Products */ = {
			isa = PBXGroup;
			children = (
				BA46CB242C1AE97E0062965B /* EDClient.app */,
			);
			name = Products;
			sourceTree = "<group>";
		};
		BA46CB262C1AE97E0062965B /* EDClient */ = {
			isa = PBXGroup;
			children = (
				BA46CB3F2C1AF6FE0062965B /* Info.plist */,
				BA46CB272C1AE97E0062965B /* EDClientApp.swift */,
				BA46CB372C1AEBA70062965B /* Views */,
				BA46CB362C1AEB900062965B /* Functionals */,
				BA46CB3A2C1AEE250062965B /* Models */,
				BA46CB2D2C1AE9800062965B /* EDClient.entitlements */,
				BA46CB2B2C1AE9800062965B /* Assets.xcassets */,
				BA46CB2E2C1AE9800062965B /* Preview Content */,
				BA3355752C1DE65B003C9499 /* Localizable.strings */,
			);
			path = EDClient;
			sourceTree = "<group>";
		};
		BA46CB2E2C1AE9800062965B /* Preview Content */ = {
			isa = PBXGroup;
			children = (
				BA46CB2F2C1AE9800062965B /* Preview Assets.xcassets */,
			);
			path = "Preview Content";
			sourceTree = "<group>";
		};
		BA46CB362C1AEB900062965B /* Functionals */ = {
			isa = PBXGroup;
			children = (
				BA46CB382C1AEBF70062965B /* Client.swift */,
				BAC20CAB2C1CB7CC00BE8AD5 /* InternetChecker.swift */,
			);
			path = Functionals;
			sourceTree = "<group>";
		};
		BA46CB372C1AEBA70062965B /* Views */ = {
			isa = PBXGroup;
			children = (
				BA46CB292C1AE97E0062965B /* ContentView.swift */,
				BA46CB402C1AFB3D0062965B /* PromptsShowView.swift */,
				BA46CB462C1B11030062965B /* AddressChoosingView.swift */,
				BA403FCF2C1E0810003C23CE /* ScheduleView.swift */,
				BA403FD12C1E17BB003C23CE /* AddressInfoView.swift */,
				BABE80072C1F3B9E001E4395 /* MainView.swift */,
				BABE80102C206188001E4395 /* PinnedAddressItemView.swift */,
				BA9EAE752C2337CD001227D2 /* HoursTableView.swift */,
			);
			path = Views;
			sourceTree = "<group>";
		};
		BA46CB3A2C1AEE250062965B /* Models */ = {
			isa = PBXGroup;
			children = (
				BABE800F2C1F5D5A001E4395 /* Protocols */,
				BA403FCE2C1E0381003C23CE /* Classes */,
				BA403FCD2C1E0370003C23CE /* Enums */,
				BA403FCC2C1E0353003C23CE /* Structs */,
			);
			path = Models;
			sourceTree = "<group>";
		};
		BABE800F2C1F5D5A001E4395 /* Protocols */ = {
			isa = PBXGroup;
			children = (
				BABE800D2C1F5D56001E4395 /* Address.swift */,
				BA46CB3B2C1AEE3F0062965B /* Prompt.swift */,
			);
			path = Protocols;
			sourceTree = "<group>";
		};
/* End PBXGroup section */

/* Begin PBXNativeTarget section */
		BA46CB232C1AE97E0062965B /* EDClient */ = {
			isa = PBXNativeTarget;
			buildConfigurationList = BA46CB332C1AE9800062965B /* Build configuration list for PBXNativeTarget "EDClient" */;
			buildPhases = (
				BA46CB202C1AE97E0062965B /* Sources */,
				BA46CB212C1AE97E0062965B /* Frameworks */,
				BA46CB222C1AE97E0062965B /* Resources */,
			);
			buildRules = (
			);
			dependencies = (
			);
			name = EDClient;
			packageProductDependencies = (
				BAA3190C2C2200D9005469D9 /* Alamofire */,
			);
			productName = EDClient;
			productReference = BA46CB242C1AE97E0062965B /* EDClient.app */;
			productType = "com.apple.product-type.application";
		};
/* End PBXNativeTarget section */

/* Begin PBXProject section */
		BA46CB1C2C1AE97E0062965B /* Project object */ = {
			isa = PBXProject;
			attributes = {
				BuildIndependentTargetsInParallel = 1;
				LastSwiftUpdateCheck = 1540;
				LastUpgradeCheck = 1540;
				TargetAttributes = {
					BA46CB232C1AE97E0062965B = {
						CreatedOnToolsVersion = 15.4;
					};
				};
			};
			buildConfigurationList = BA46CB1F2C1AE97E0062965B /* Build configuration list for PBXProject "EDClient" */;
			compatibilityVersion = "Xcode 14.0";
			developmentRegion = en;
			hasScannedForEncodings = 0;
			knownRegions = (
				en,
				Base,
				uk,
			);
			mainGroup = BA46CB1B2C1AE97E0062965B;
			packageReferences = (
				BAA3190B2C2200D9005469D9 /* XCRemoteSwiftPackageReference "Alamofire" */,
			);
			productRefGroup = BA46CB252C1AE97E0062965B /* Products */;
			projectDirPath = "";
			projectRoot = "";
			targets = (
				BA46CB232C1AE97E0062965B /* EDClient */,
			);
		};
/* End PBXProject section */

/* Begin PBXResourcesBuildPhase section */
		BA46CB222C1AE97E0062965B /* Resources */ = {
			isa = PBXResourcesBuildPhase;
			buildActionMask = 2147483647;
			files = (
				BA46CB302C1AE9800062965B /* Preview Assets.xcassets in Resources */,
				BA3355772C1DE65B003C9499 /* Localizable.strings in Resources */,
				BA46CB2C2C1AE9800062965B /* Assets.xcassets in Resources */,
			);
			runOnlyForDeploymentPostprocessing = 0;
		};
/* End PBXResourcesBuildPhase section */

/* Begin PBXSourcesBuildPhase section */
		BA46CB202C1AE97E0062965B /* Sources */ = {
			isa = PBXSourcesBuildPhase;
			buildActionMask = 2147483647;
			files = (
				BA46CB472C1B11030062965B /* AddressChoosingView.swift in Sources */,
				BABE80082C1F3B9E001E4395 /* MainView.swift in Sources */,
				BA3355742C1DD205003C9499 /* Building.swift in Sources */,
				BABE800A2C1F3FF0001E4395 /* PinnedAddress.swift in Sources */,
				BA46CB412C1AFB3D0062965B /* PromptsShowView.swift in Sources */,
				BA403FCB2C1E0313003C23CE /* Schedule.swift in Sources */,
				BA46CB2A2C1AE97E0062965B /* ContentView.swift in Sources */,
				BA403FD02C1E0810003C23CE /* ScheduleView.swift in Sources */,
				BA46CB4B2C1C382B0062965B /* Status.swift in Sources */,
				BA46CB3C2C1AEE3F0062965B /* Prompt.swift in Sources */,
				BAC20CAC2C1CB7CC00BE8AD5 /* InternetChecker.swift in Sources */,
				BA3355722C1DD1D2003C9499 /* Street.swift in Sources */,
				BA46CB432C1AFFD10062965B /* InformationType.swift in Sources */,
				BA9EAE762C2337CD001227D2 /* HoursTableView.swift in Sources */,
				BA403FC92C1E02FC003C23CE /* LightTime.swift in Sources */,
				BABE800E2C1F5D56001E4395 /* Address.swift in Sources */,
				BA3355702C1DD1BA003C9499 /* City.swift in Sources */,
				BA46CB282C1AE97E0062965B /* EDClientApp.swift in Sources */,
				BA403FD22C1E17BB003C23CE /* AddressInfoView.swift in Sources */,
				BABE80112C206188001E4395 /* PinnedAddressItemView.swift in Sources */,
				BA46CB492C1B11540062965B /* FormAddress.swift in Sources */,
				BA46CB392C1AEBF70062965B /* Client.swift in Sources */,
			);
			runOnlyForDeploymentPostprocessing = 0;
		};
/* End PBXSourcesBuildPhase section */

/* Begin PBXVariantGroup section */
		BA3355752C1DE65B003C9499 /* Localizable.strings */ = {
			isa = PBXVariantGroup;
			children = (
				BA3355782C1DE669003C9499 /* uk */,
				BA33557A2C1DE69E003C9499 /* en */,
			);
			name = Localizable.strings;
			sourceTree = "<group>";
		};
/* End PBXVariantGroup section */

/* Begin XCBuildConfiguration section */
		BA46CB312C1AE9800062965B /* Debug */ = {
			isa = XCBuildConfiguration;
			buildSettings = {
				ALWAYS_SEARCH_USER_PATHS = NO;
				ASSETCATALOG_COMPILER_GENERATE_SWIFT_ASSET_SYMBOL_EXTENSIONS = YES;
				CLANG_ANALYZER_NONNULL = YES;
				CLANG_ANALYZER_NUMBER_OBJECT_CONVERSION = YES_AGGRESSIVE;
				CLANG_CXX_LANGUAGE_STANDARD = "gnu++20";
				CLANG_ENABLE_MODULES = YES;
				CLANG_ENABLE_OBJC_ARC = YES;
				CLANG_ENABLE_OBJC_WEAK = YES;
				CLANG_WARN_BLOCK_CAPTURE_AUTORELEASING = YES;
				CLANG_WARN_BOOL_CONVERSION = YES;
				CLANG_WARN_COMMA = YES;
				CLANG_WARN_CONSTANT_CONVERSION = YES;
				CLANG_WARN_DEPRECATED_OBJC_IMPLEMENTATIONS = YES;
				CLANG_WARN_DIRECT_OBJC_ISA_USAGE = YES_ERROR;
				CLANG_WARN_DOCUMENTATION_COMMENTS = YES;
				CLANG_WARN_EMPTY_BODY = YES;
				CLANG_WARN_ENUM_CONVERSION = YES;
				CLANG_WARN_INFINITE_RECURSION = YES;
				CLANG_WARN_INT_CONVERSION = YES;
				CLANG_WARN_NON_LITERAL_NULL_CONVERSION = YES;
				CLANG_WARN_OBJC_IMPLICIT_RETAIN_SELF = YES;
				CLANG_WARN_OBJC_LITERAL_CONVERSION = YES;
				CLANG_WARN_OBJC_ROOT_CLASS = YES_ERROR;
				CLANG_WARN_QUOTED_INCLUDE_IN_FRAMEWORK_HEADER = YES;
				CLANG_WARN_RANGE_LOOP_ANALYSIS = YES;
				CLANG_WARN_STRICT_PROTOTYPES = YES;
				CLANG_WARN_SUSPICIOUS_MOVE = YES;
				CLANG_WARN_UNGUARDED_AVAILABILITY = YES_AGGRESSIVE;
				CLANG_WARN_UNREACHABLE_CODE = YES;
				CLANG_WARN__DUPLICATE_METHOD_MATCH = YES;
				COPY_PHASE_STRIP = NO;
				DEBUG_INFORMATION_FORMAT = dwarf;
				ENABLE_STRICT_OBJC_MSGSEND = YES;
				ENABLE_TESTABILITY = YES;
				ENABLE_USER_SCRIPT_SANDBOXING = YES;
				GCC_C_LANGUAGE_STANDARD = gnu17;
				GCC_DYNAMIC_NO_PIC = NO;
				GCC_NO_COMMON_BLOCKS = YES;
				GCC_OPTIMIZATION_LEVEL = 0;
				GCC_PREPROCESSOR_DEFINITIONS = (
					"DEBUG=1",
					"$(inherited)",
				);
				GCC_WARN_64_TO_32_BIT_CONVERSION = YES;
				GCC_WARN_ABOUT_RETURN_TYPE = YES_ERROR;
				GCC_WARN_UNDECLARED_SELECTOR = YES;
				GCC_WARN_UNINITIALIZED_AUTOS = YES_AGGRESSIVE;
				GCC_WARN_UNUSED_FUNCTION = YES;
				GCC_WARN_UNUSED_VARIABLE = YES;
				LOCALIZATION_PREFERS_STRING_CATALOGS = YES;
				MTL_ENABLE_DEBUG_INFO = INCLUDE_SOURCE;
				MTL_FAST_MATH = YES;
				ONLY_ACTIVE_ARCH = YES;
				SWIFT_ACTIVE_COMPILATION_CONDITIONS = "DEBUG $(inherited)";
				SWIFT_OPTIMIZATION_LEVEL = "-Onone";
			};
			name = Debug;
		};
		BA46CB322C1AE9800062965B /* Release */ = {
			isa = XCBuildConfiguration;
			buildSettings = {
				ALWAYS_SEARCH_USER_PATHS = NO;
				ASSETCATALOG_COMPILER_GENERATE_SWIFT_ASSET_SYMBOL_EXTENSIONS = YES;
				CLANG_ANALYZER_NONNULL = YES;
				CLANG_ANALYZER_NUMBER_OBJECT_CONVERSION = YES_AGGRESSIVE;
				CLANG_CXX_LANGUAGE_STANDARD = "gnu++20";
				CLANG_ENABLE_MODULES = YES;
				CLANG_ENABLE_OBJC_ARC = YES;
				CLANG_ENABLE_OBJC_WEAK = YES;
				CLANG_WARN_BLOCK_CAPTURE_AUTORELEASING = YES;
				CLANG_WARN_BOOL_CONVERSION = YES;
				CLANG_WARN_COMMA = YES;
				CLANG_WARN_CONSTANT_CONVERSION = YES;
				CLANG_WARN_DEPRECATED_OBJC_IMPLEMENTATIONS = YES;
				CLANG_WARN_DIRECT_OBJC_ISA_USAGE = YES_ERROR;
				CLANG_WARN_DOCUMENTATION_COMMENTS = YES;
				CLANG_WARN_EMPTY_BODY = YES;
				CLANG_WARN_ENUM_CONVERSION = YES;
				CLANG_WARN_INFINITE_RECURSION = YES;
				CLANG_WARN_INT_CONVERSION = YES;
				CLANG_WARN_NON_LITERAL_NULL_CONVERSION = YES;
				CLANG_WARN_OBJC_IMPLICIT_RETAIN_SELF = YES;
				CLANG_WARN_OBJC_LITERAL_CONVERSION = YES;
				CLANG_WARN_OBJC_ROOT_CLASS = YES_ERROR;
				CLANG_WARN_QUOTED_INCLUDE_IN_FRAMEWORK_HEADER = YES;
				CLANG_WARN_RANGE_LOOP_ANALYSIS = YES;
				CLANG_WARN_STRICT_PROTOTYPES = YES;
				CLANG_WARN_SUSPICIOUS_MOVE = YES;
				CLANG_WARN_UNGUARDED_AVAILABILITY = YES_AGGRESSIVE;
				CLANG_WARN_UNREACHABLE_CODE = YES;
				CLANG_WARN__DUPLICATE_METHOD_MATCH = YES;
				COPY_PHASE_STRIP = NO;
				DEBUG_INFORMATION_FORMAT = "dwarf-with-dsym";
				ENABLE_NS_ASSERTIONS = NO;
				ENABLE_STRICT_OBJC_MSGSEND = YES;
				ENABLE_USER_SCRIPT_SANDBOXING = YES;
				GCC_C_LANGUAGE_STANDARD = gnu17;
				GCC_NO_COMMON_BLOCKS = YES;
				GCC_WARN_64_TO_32_BIT_CONVERSION = YES;
				GCC_WARN_ABOUT_RETURN_TYPE = YES_ERROR;
				GCC_WARN_UNDECLARED_SELECTOR = YES;
				GCC_WARN_UNINITIALIZED_AUTOS = YES_AGGRESSIVE;
				GCC_WARN_UNUSED_FUNCTION = YES;
				GCC_WARN_UNUSED_VARIABLE = YES;
				LOCALIZATION_PREFERS_STRING_CATALOGS = YES;
				MTL_ENABLE_DEBUG_INFO = NO;
				MTL_FAST_MATH = YES;
				SWIFT_COMPILATION_MODE = wholemodule;
			};
			name = Release;
		};
		BA46CB342C1AE9800062965B /* Debug */ = {
			isa = XCBuildConfiguration;
			buildSettings = {
				ASSETCATALOG_COMPILER_APPICON_NAME = AppIcon;
				ASSETCATALOG_COMPILER_GLOBAL_ACCENT_COLOR_NAME = AccentColor;
				CODE_SIGN_ENTITLEMENTS = EDClient/EDClient.entitlements;
				CODE_SIGN_STYLE = Automatic;
				CURRENT_PROJECT_VERSION = 1;
				DEVELOPMENT_ASSET_PATHS = "\"EDClient/Preview Content\"";
				DEVELOPMENT_TEAM = 72UFS7AJ5R;
				ENABLE_PREVIEWS = YES;
				GENERATE_INFOPLIST_FILE = YES;
				INFOPLIST_FILE = EDClient/Info.plist;
				INFOPLIST_KEY_CFBundleDisplayName = "СяйВО";
				INFOPLIST_KEY_LSApplicationCategoryType = "public.app-category.utilities";
				"INFOPLIST_KEY_UIApplicationSceneManifest_Generation[sdk=iphoneos*]" = YES;
				"INFOPLIST_KEY_UIApplicationSceneManifest_Generation[sdk=iphonesimulator*]" = YES;
				"INFOPLIST_KEY_UIApplicationSupportsIndirectInputEvents[sdk=iphoneos*]" = YES;
				"INFOPLIST_KEY_UIApplicationSupportsIndirectInputEvents[sdk=iphonesimulator*]" = YES;
				"INFOPLIST_KEY_UILaunchScreen_Generation[sdk=iphoneos*]" = YES;
				"INFOPLIST_KEY_UILaunchScreen_Generation[sdk=iphonesimulator*]" = YES;
				"INFOPLIST_KEY_UIStatusBarStyle[sdk=iphoneos*]" = UIStatusBarStyleDefault;
				"INFOPLIST_KEY_UIStatusBarStyle[sdk=iphonesimulator*]" = UIStatusBarStyleDefault;
				INFOPLIST_KEY_UISupportedInterfaceOrientations = UIInterfaceOrientationPortrait;
				INFOPLIST_KEY_UISupportedInterfaceOrientations_iPad = "UIInterfaceOrientationLandscapeLeft UIInterfaceOrientationLandscapeRight UIInterfaceOrientationPortrait UIInterfaceOrientationPortraitUpsideDown";
				IPHONEOS_DEPLOYMENT_TARGET = 17.5;
				LD_RUNPATH_SEARCH_PATHS = "@executable_path/Frameworks";
				"LD_RUNPATH_SEARCH_PATHS[sdk=macosx*]" = "@executable_path/../Frameworks";
				MACOSX_DEPLOYMENT_TARGET = 14.5;
				MARKETING_VERSION = 1.0;
				PRODUCT_BUNDLE_IDENTIFIER = OleksiiChumak.EDClient;
				PRODUCT_NAME = "$(TARGET_NAME)";
				SDKROOT = auto;
				SUPPORTED_PLATFORMS = "iphoneos iphonesimulator macosx";
				SWIFT_EMIT_LOC_STRINGS = YES;
				SWIFT_VERSION = 5.0;
				TARGETED_DEVICE_FAMILY = "1,2";
			};
			name = Debug;
		};
		BA46CB352C1AE9800062965B /* Release */ = {
			isa = XCBuildConfiguration;
			buildSettings = {
				ASSETCATALOG_COMPILER_APPICON_NAME = AppIcon;
				ASSETCATALOG_COMPILER_GLOBAL_ACCENT_COLOR_NAME = AccentColor;
				CODE_SIGN_ENTITLEMENTS = EDClient/EDClient.entitlements;
				CODE_SIGN_STYLE = Automatic;
				CURRENT_PROJECT_VERSION = 1;
				DEVELOPMENT_ASSET_PATHS = "\"EDClient/Preview Content\"";
				DEVELOPMENT_TEAM = 72UFS7AJ5R;
				ENABLE_PREVIEWS = YES;
				GENERATE_INFOPLIST_FILE = YES;
				INFOPLIST_FILE = EDClient/Info.plist;
				INFOPLIST_KEY_CFBundleDisplayName = "СяйВО";
				INFOPLIST_KEY_LSApplicationCategoryType = "public.app-category.utilities";
				"INFOPLIST_KEY_UIApplicationSceneManifest_Generation[sdk=iphoneos*]" = YES;
				"INFOPLIST_KEY_UIApplicationSceneManifest_Generation[sdk=iphonesimulator*]" = YES;
				"INFOPLIST_KEY_UIApplicationSupportsIndirectInputEvents[sdk=iphoneos*]" = YES;
				"INFOPLIST_KEY_UIApplicationSupportsIndirectInputEvents[sdk=iphonesimulator*]" = YES;
				"INFOPLIST_KEY_UILaunchScreen_Generation[sdk=iphoneos*]" = YES;
				"INFOPLIST_KEY_UILaunchScreen_Generation[sdk=iphonesimulator*]" = YES;
				"INFOPLIST_KEY_UIStatusBarStyle[sdk=iphoneos*]" = UIStatusBarStyleDefault;
				"INFOPLIST_KEY_UIStatusBarStyle[sdk=iphonesimulator*]" = UIStatusBarStyleDefault;
				INFOPLIST_KEY_UISupportedInterfaceOrientations = UIInterfaceOrientationPortrait;
				INFOPLIST_KEY_UISupportedInterfaceOrientations_iPad = "UIInterfaceOrientationLandscapeLeft UIInterfaceOrientationLandscapeRight UIInterfaceOrientationPortrait UIInterfaceOrientationPortraitUpsideDown";
				IPHONEOS_DEPLOYMENT_TARGET = 17.5;
				LD_RUNPATH_SEARCH_PATHS = "@executable_path/Frameworks";
				"LD_RUNPATH_SEARCH_PATHS[sdk=macosx*]" = "@executable_path/../Frameworks";
				MACOSX_DEPLOYMENT_TARGET = 14.5;
				MARKETING_VERSION = 1.0;
				PRODUCT_BUNDLE_IDENTIFIER = OleksiiChumak.EDClient;
				PRODUCT_NAME = "$(TARGET_NAME)";
				SDKROOT = auto;
				SUPPORTED_PLATFORMS = "iphoneos iphonesimulator macosx";
				SWIFT_EMIT_LOC_STRINGS = YES;
				SWIFT_VERSION = 5.0;
				TARGETED_DEVICE_FAMILY = "1,2";
			};
			name = Release;
		};
/* End XCBuildConfiguration section */

/* Begin XCConfigurationList section */
		BA46CB1F2C1AE97E0062965B /* Build configuration list for PBXProject "EDClient" */ = {
			isa = XCConfigurationList;
			buildConfigurations = (
				BA46CB312C1AE9800062965B /* Debug */,
				BA46CB322C1AE9800062965B /* Release */,
			);
			defaultConfigurationIsVisible = 0;
			defaultConfigurationName = Release;
		};
		BA46CB332C1AE9800062965B /* Build configuration list for PBXNativeTarget "EDClient" */ = {
			isa = XCConfigurationList;
			buildConfigurations = (
				BA46CB342C1AE9800062965B /* Debug */,
				BA46CB352C1AE9800062965B /* Release */,
			);
			defaultConfigurationIsVisible = 0;
			defaultConfigurationName = Release;
		};
/* End XCConfigurationList section */

/* Begin XCRemoteSwiftPackageReference section */
		BAA3190B2C2200D9005469D9 /* XCRemoteSwiftPackageReference "Alamofire" */ = {
			isa = XCRemoteSwiftPackageReference;
			repositoryURL = "https://github.com/Alamofire/Alamofire.git";
			requirement = {
				kind = upToNextMajorVersion;
				minimumVersion = 5.9.1;
			};
		};
/* End XCRemoteSwiftPackageReference section */

/* Begin XCSwiftPackageProductDependency section */
		BAA3190C2C2200D9005469D9 /* Alamofire */ = {
			isa = XCSwiftPackageProductDependency;
			package = BAA3190B2C2200D9005469D9 /* XCRemoteSwiftPackageReference "Alamofire" */;
			productName = Alamofire;
		};
/* End XCSwiftPackageProductDependency section */
	};
	rootObject = BA46CB1C2C1AE97E0062965B /* Project object */;
}
